
Microsoft Visual Studio Solution File, Format Version 12.00
# Visual Studio Version 17
VisualStudioVersion = 17.2.32505.173
MinimumVisualStudioVersion = 10.0.40219.1
Project("{9A19103F-16F7-4668-BE54-9A1E7A4F7556}") = "Edsm.Sdk", "Edsm.Sdk\Edsm.Sdk.csproj", "{0E3EE235-A30B-4EEE-AF6A-9E599D460C05}"
EndProject
Project("{9A19103F-16F7-4668-BE54-9A1E7A4F7556}") = "EdsmTriangulationInterface", "EdsmTriangulationInterface\EdsmTriangulationInterface.csproj", "{6D103886-78DC-4E1D-AA17-3316236E3869}"
EndProject
Project("{9A19103F-16F7-4668-BE54-9A1E7A4F7556}") = "EdsmTriangulationCore", "EdsmTriangulationCore\EdsmTriangulationCore.csproj", "{C1EA31AA-9BDA-407E-BF6D-88CA86946352}"
EndProject
Project("{FAE04EC0-301F-11D3-BF4B-00C04F79EFBC}") = "Edsm.Sdk.Tests", "Edsm.Sdk.Tests\Edsm.Sdk.Tests.csproj", "{B2375CD4-E750-4C66-BAF8-477276BBEF19}"
EndProject
Global
	GlobalSection(SolutionConfigurationPlatforms) = preSolution
		Debug|Any CPU = Debug|Any CPU
		Release|Any CPU = Release|Any CPU
	EndGlobalSection
	GlobalSection(ProjectConfigurationPlatforms) = postSolution
		{0E3EE235-A30B-4EEE-AF6A-9E599D460C05}.Debug|Any CPU.ActiveCfg = Debug|Any CPU
		{0E3EE235-A30B-4EEE-AF6A-9E599D460C05}.Debug|Any CPU.Build.0 = Debug|Any CPU
		{0E3EE235-A30B-4EEE-AF6A-9E599D460C05}.Release|Any CPU.ActiveCfg = Release|Any CPU
		{0E3EE235-A30B-4EEE-AF6A-9E599D460C05}.Release|Any CPU.Build.0 = Release|Any CPU
		{6D103886-78DC-4E1D-AA17-3316236E3869}.Debug|Any CPU.ActiveCfg = Debug|Any CPU
		{6D103886-78DC-4E1D-AA17-3316236E3869}.Debug|Any CPU.Build.0 = Debug|Any CPU
		{6D103886-78DC-4E1D-AA17-3316236E3869}.Debug|Any CPU.Deploy.0 = Debug|Any CPU
		{6D103886-78DC-4E1D-AA17-3316236E3869}.Release|Any CPU.ActiveCfg = Release|Any CPU
		{6D103886-78DC-4E1D-AA17-3316236E3869}.Release|Any CPU.Build.0 = Release|Any CPU
		{6D103886-78DC-4E1D-AA17-3316236E3869}.Release|Any CPU.Deploy.0 = Release|Any CPU
		{C1EA31AA-9BDA-407E-BF6D-88CA86946352}.Debug|Any CPU.ActiveCfg = Debug|Any CPU
		{C1EA31AA-9BDA-407E-BF6D-88CA86946352}.Debug|Any CPU.Build.0 = Debug|Any CPU
		{C1EA31AA-9BDA-407E-BF6D-88CA86946352}.Release|Any CPU.ActiveCfg = Release|Any CPU
		{C1EA31AA-9BDA-407E-BF6D-88CA86946352}.Release|Any CPU.Build.0 = Release|Any CPU
		{B2375CD4-E750-4C66-BAF8-477276BBEF19}.Debug|Any CPU.ActiveCfg = Debug|Any CPU
		{B2375CD4-E750-4C66-BAF8-477276BBEF19}.Debug|Any CPU.Build.0 = Debug|Any CPU
		{B2375CD4-E750-4C66-BAF8-477276BBEF19}.Release|Any CPU.ActiveCfg = Release|Any CPU
		{B2375CD4-E750-4C66-BAF8-477276BBEF19}.Release|Any CPU.Build.0 = Release|Any CPU
	EndGlobalSection
	GlobalSection(SolutionProperties) = preSolution
		HideSolutionNode = FALSE
	EndGlobalSection
	GlobalSection(ExtensibilityGlobals) = postSolution
		SolutionGuid = {F638A867-8A3E-409B-9E9A-BA4FBD1D1218}
	EndGlobalSection
EndGlobal
